// !$*UTF8*$!
{
	archiveVersion = 1;
	classes = {
	};
	objectVersion = 48;
	objects = {

/* Begin PBXBuildFile section */
		5EFD4A521FE02EFD00C294B4 /* AppDelegate.swift in Sources */ = {isa = PBXBuildFile; fileRef = 5EFD4A511FE02EFD00C294B4 /* AppDelegate.swift */; };
		5EFD4A571FE02EFD00C294B4 /* Main.storyboard in Resources */ = {isa = PBXBuildFile; fileRef = 5EFD4A551FE02EFD00C294B4 /* Main.storyboard */; };
		5EFD4A591FE02EFD00C294B4 /* Assets.xcassets in Resources */ = {isa = PBXBuildFile; fileRef = 5EFD4A581FE02EFD00C294B4 /* Assets.xcassets */; };
		5EFD4A5C1FE02EFD00C294B4 /* LaunchScreen.storyboard in Resources */ = {isa = PBXBuildFile; fileRef = 5EFD4A5A1FE02EFD00C294B4 /* LaunchScreen.storyboard */; };
		5EFD4A731FE0306E00C294B4 /* CryptoSwift.framework in Frameworks */ = {isa = PBXBuildFile; fileRef = 5EFD4A721FE0306E00C294B4 /* CryptoSwift.framework */; };
		5EFD4A7E1FE035F700C294B4 /* DashboardViewController.swift in Sources */ = {isa = PBXBuildFile; fileRef = 5EFD4A7D1FE035F700C294B4 /* DashboardViewController.swift */; };
		5EFD4A801FE037B000C294B4 /* NetworkManager.swift in Sources */ = {isa = PBXBuildFile; fileRef = 5EFD4A7F1FE037B000C294B4 /* NetworkManager.swift */; };
		5EFD4A821FE0498100C294B4 /* PriceIndex.swift in Sources */ = {isa = PBXBuildFile; fileRef = 5EFD4A811FE0498100C294B4 /* PriceIndex.swift */; };
		5EFD4A841FE04E2100C294B4 /* NetworkManagerTests.swift in Sources */ = {isa = PBXBuildFile; fileRef = 5EFD4A831FE04E2100C294B4 /* NetworkManagerTests.swift */; };
		5EFD4A851FE05B9900C294B4 /* NetworkManager.swift in Sources */ = {isa = PBXBuildFile; fileRef = 5EFD4A7F1FE037B000C294B4 /* NetworkManager.swift */; };
		5EFD4A861FE05D8C00C294B4 /* CryptoSwift.framework in Frameworks */ = {isa = PBXBuildFile; fileRef = 5EFD4A721FE0306E00C294B4 /* CryptoSwift.framework */; };
		5EFD4A991FE0F60400C294B4 /* ChartView.swift in Sources */ = {isa = PBXBuildFile; fileRef = 5EFD4A981FE0F60400C294B4 /* ChartView.swift */; };
		5EFD4A9B1FE104B800C294B4 /* Charts.framework in Frameworks */ = {isa = PBXBuildFile; fileRef = 5EFD4A9A1FE104B800C294B4 /* Charts.framework */; };
		5EFD4A9C1FE1052300C294B4 /* Charts.framework in Frameworks */ = {isa = PBXBuildFile; fileRef = 5EFD4A9A1FE104B800C294B4 /* Charts.framework */; };
		5EFD4A9D1FE1052300C294B4 /* Charts.framework in Embed Frameworks */ = {isa = PBXBuildFile; fileRef = 5EFD4A9A1FE104B800C294B4 /* Charts.framework */; settings = {ATTRIBUTES = (CodeSignOnCopy, RemoveHeadersOnCopy, ); }; };
		5EFD4AA91FE1109700C294B4 /* Router.swift in Sources */ = {isa = PBXBuildFile; fileRef = 5EFD4AA81FE1109700C294B4 /* Router.swift */; };
		5EFD4AAB1FE144F700C294B4 /* LineChartTests.swift in Sources */ = {isa = PBXBuildFile; fileRef = 5EFD4AAA1FE144F700C294B4 /* LineChartTests.swift */; };
		5EFD4AAD1FE166AC00C294B4 /* DashboardTests.swift in Sources */ = {isa = PBXBuildFile; fileRef = 5EFD4AAC1FE166AC00C294B4 /* DashboardTests.swift */; };
		5EFD4AB41FE16C3000C294B4 /* Quicksand-Bold.ttf in Resources */ = {isa = PBXBuildFile; fileRef = 5EFD4AAF1FE16C3000C294B4 /* Quicksand-Bold.ttf */; };
		5EFD4AB51FE16C3000C294B4 /* Futura.ttc in Resources */ = {isa = PBXBuildFile; fileRef = 5EFD4AB01FE16C3000C294B4 /* Futura.ttc */; };
		5EFD4AB61FE16C3000C294B4 /* Quicksand-Medium.ttf in Resources */ = {isa = PBXBuildFile; fileRef = 5EFD4AB11FE16C3000C294B4 /* Quicksand-Medium.ttf */; };
		5EFD4AB71FE16C3000C294B4 /* Quicksand-Regular.ttf in Resources */ = {isa = PBXBuildFile; fileRef = 5EFD4AB21FE16C3000C294B4 /* Quicksand-Regular.ttf */; };
		5EFD4AB81FE16C3000C294B4 /* Quicksand-Light.ttf in Resources */ = {isa = PBXBuildFile; fileRef = 5EFD4AB31FE16C3000C294B4 /* Quicksand-Light.ttf */; };
		5EFD4ABA1FE1708100C294B4 /* Authentication.swift in Sources */ = {isa = PBXBuildFile; fileRef = 5EFD4AB91FE1708100C294B4 /* Authentication.swift */; };
		5EFD4ABC1FE18A8B00C294B4 /* BalloonMarker.swift in Sources */ = {isa = PBXBuildFile; fileRef = 5EFD4ABB1FE18A8B00C294B4 /* BalloonMarker.swift */; };
		5EFD4ABE1FE18F4800C294B4 /* Helper.swift in Sources */ = {isa = PBXBuildFile; fileRef = 5EFD4ABD1FE18F4800C294B4 /* Helper.swift */; };
/* End PBXBuildFile section */

/* Begin PBXContainerItemProxy section */
		5EFD4A631FE02EFD00C294B4 /* PBXContainerItemProxy */ = {
			isa = PBXContainerItemProxy;
			containerPortal = 5EFD4A461FE02EFD00C294B4 /* Project object */;
			proxyType = 1;
			remoteGlobalIDString = 5EFD4A4D1FE02EFD00C294B4;
			remoteInfo = BTCIndex;
		};
		5EFD4AA31FE1058B00C294B4 /* PBXContainerItemProxy */ = {
			isa = PBXContainerItemProxy;
			containerPortal = 5EFD4A9E1FE1058A00C294B4 /* Charts.xcodeproj */;
			proxyType = 2;
			remoteGlobalIDString = 65AD9E95D9ED4DC0BD73A743;
			remoteInfo = Charts;
		};
		5EFD4AA51FE1058B00C294B4 /* PBXContainerItemProxy */ = {
			isa = PBXContainerItemProxy;
			containerPortal = 5EFD4A9E1FE1058A00C294B4 /* Charts.xcodeproj */;
			proxyType = 2;
			remoteGlobalIDString = 1CBBC58C6CE1EBEE9852CE41;
			remoteInfo = ChartsTests;
		};
/* End PBXContainerItemProxy section */

/* Begin PBXCopyFilesBuildPhase section */
		5EFD4A941FE0F41800C294B4 /* Embed Frameworks */ = {
			isa = PBXCopyFilesBuildPhase;
			buildActionMask = 2147483647;
			dstPath = "";
			dstSubfolderSpec = 10;
			files = (
				5EFD4A9D1FE1052300C294B4 /* Charts.framework in Embed Frameworks */,
			);
			name = "Embed Frameworks";
			runOnlyForDeploymentPostprocessing = 0;
		};
/* End PBXCopyFilesBuildPhase section */

/* Begin PBXFileReference section */
		5EFD4A4E1FE02EFD00C294B4 /* BTCIndex.app */ = {isa = PBXFileReference; explicitFileType = wrapper.application; includeInIndex = 0; path = BTCIndex.app; sourceTree = BUILT_PRODUCTS_DIR; };
		5EFD4A511FE02EFD00C294B4 /* AppDelegate.swift */ = {isa = PBXFileReference; lastKnownFileType = sourcecode.swift; path = AppDelegate.swift; sourceTree = "<group>"; };
		5EFD4A561FE02EFD00C294B4 /* Base */ = {isa = PBXFileReference; lastKnownFileType = file.storyboard; name = Base; path = Base.lproj/Main.storyboard; sourceTree = "<group>"; };
		5EFD4A581FE02EFD00C294B4 /* Assets.xcassets */ = {isa = PBXFileReference; lastKnownFileType = folder.assetcatalog; path = Assets.xcassets; sourceTree = "<group>"; };
		5EFD4A5B1FE02EFD00C294B4 /* Base */ = {isa = PBXFileReference; lastKnownFileType = file.storyboard; name = Base; path = Base.lproj/LaunchScreen.storyboard; sourceTree = "<group>"; };
		5EFD4A5D1FE02EFD00C294B4 /* Info.plist */ = {isa = PBXFileReference; lastKnownFileType = text.plist.xml; path = Info.plist; sourceTree = "<group>"; };
		5EFD4A621FE02EFD00C294B4 /* BTCIndexTests.xctest */ = {isa = PBXFileReference; explicitFileType = wrapper.cfbundle; includeInIndex = 0; path = BTCIndexTests.xctest; sourceTree = BUILT_PRODUCTS_DIR; };
		5EFD4A681FE02EFD00C294B4 /* Info.plist */ = {isa = PBXFileReference; lastKnownFileType = text.plist.xml; path = Info.plist; sourceTree = "<group>"; };
		5EFD4A721FE0306E00C294B4 /* CryptoSwift.framework */ = {isa = PBXFileReference; lastKnownFileType = wrapper.framework; name = CryptoSwift.framework; path = Carthage/Build/iOS/CryptoSwift.framework; sourceTree = "<group>"; };
		5EFD4A741FE030A300C294B4 /* BTCIndex.xcodeproj */ = {isa = PBXFileReference; lastKnownFileType = "wrapper.pb-project"; path = BTCIndex.xcodeproj; sourceTree = "<group>"; };
		5EFD4A7D1FE035F700C294B4 /* DashboardViewController.swift */ = {isa = PBXFileReference; lastKnownFileType = sourcecode.swift; path = DashboardViewController.swift; sourceTree = "<group>"; };
		5EFD4A7F1FE037B000C294B4 /* NetworkManager.swift */ = {isa = PBXFileReference; lastKnownFileType = sourcecode.swift; path = NetworkManager.swift; sourceTree = "<group>"; };
		5EFD4A811FE0498100C294B4 /* PriceIndex.swift */ = {isa = PBXFileReference; lastKnownFileType = sourcecode.swift; path = PriceIndex.swift; sourceTree = "<group>"; };
		5EFD4A831FE04E2100C294B4 /* NetworkManagerTests.swift */ = {isa = PBXFileReference; lastKnownFileType = sourcecode.swift; path = NetworkManagerTests.swift; sourceTree = "<group>"; };
		5EFD4A981FE0F60400C294B4 /* ChartView.swift */ = {isa = PBXFileReference; lastKnownFileType = sourcecode.swift; path = ChartView.swift; sourceTree = "<group>"; };
		5EFD4A9A1FE104B800C294B4 /* Charts.framework */ = {isa = PBXFileReference; lastKnownFileType = wrapper.framework; name = Charts.framework; path = Carthage/Build/iOS/Charts.framework; sourceTree = "<group>"; };
		5EFD4A9E1FE1058A00C294B4 /* Charts.xcodeproj */ = {isa = PBXFileReference; lastKnownFileType = "wrapper.pb-project"; name = Charts.xcodeproj; path = "../../../Downloads/Charts-master/Charts.xcodeproj"; sourceTree = "<group>"; };
		5EFD4AA81FE1109700C294B4 /* Router.swift */ = {isa = PBXFileReference; lastKnownFileType = sourcecode.swift; path = Router.swift; sourceTree = "<group>"; };
		5EFD4AAA1FE144F700C294B4 /* LineChartTests.swift */ = {isa = PBXFileReference; lastKnownFileType = sourcecode.swift; path = LineChartTests.swift; sourceTree = "<group>"; };
		5EFD4AAC1FE166AC00C294B4 /* DashboardTests.swift */ = {isa = PBXFileReference; lastKnownFileType = sourcecode.swift; path = DashboardTests.swift; sourceTree = "<group>"; };
		5EFD4AAF1FE16C3000C294B4 /* Quicksand-Bold.ttf */ = {isa = PBXFileReference; lastKnownFileType = file; path = "Quicksand-Bold.ttf"; sourceTree = "<group>"; };
		5EFD4AB01FE16C3000C294B4 /* Futura.ttc */ = {isa = PBXFileReference; lastKnownFileType = file; path = Futura.ttc; sourceTree = "<group>"; };
		5EFD4AB11FE16C3000C294B4 /* Quicksand-Medium.ttf */ = {isa = PBXFileReference; lastKnownFileType = file; path = "Quicksand-Medium.ttf"; sourceTree = "<group>"; };
		5EFD4AB21FE16C3000C294B4 /* Quicksand-Regular.ttf */ = {isa = PBXFileReference; lastKnownFileType = file; path = "Quicksand-Regular.ttf"; sourceTree = "<group>"; };
		5EFD4AB31FE16C3000C294B4 /* Quicksand-Light.ttf */ = {isa = PBXFileReference; lastKnownFileType = file; path = "Quicksand-Light.ttf"; sourceTree = "<group>"; };
		5EFD4AB91FE1708100C294B4 /* Authentication.swift */ = {isa = PBXFileReference; lastKnownFileType = sourcecode.swift; path = Authentication.swift; sourceTree = "<group>"; };
		5EFD4ABB1FE18A8B00C294B4 /* BalloonMarker.swift */ = {isa = PBXFileReference; fileEncoding = 4; lastKnownFileType = sourcecode.swift; path = BalloonMarker.swift; sourceTree = "<group>"; };
		5EFD4ABD1FE18F4800C294B4 /* Helper.swift */ = {isa = PBXFileReference; lastKnownFileType = sourcecode.swift; path = Helper.swift; sourceTree = "<group>"; };
/* End PBXFileReference section */

/* Begin PBXFrameworksBuildPhase section */
		5EFD4A4B1FE02EFD00C294B4 /* Frameworks */ = {
			isa = PBXFrameworksBuildPhase;
			buildActionMask = 2147483647;
			files = (
				5EFD4A9C1FE1052300C294B4 /* Charts.framework in Frameworks */,
				5EFD4A9B1FE104B800C294B4 /* Charts.framework in Frameworks */,
				5EFD4A731FE0306E00C294B4 /* CryptoSwift.framework in Frameworks */,
			);
			runOnlyForDeploymentPostprocessing = 0;
		};
		5EFD4A5F1FE02EFD00C294B4 /* Frameworks */ = {
			isa = PBXFrameworksBuildPhase;
			buildActionMask = 2147483647;
			files = (
				5EFD4A861FE05D8C00C294B4 /* CryptoSwift.framework in Frameworks */,
			);
			runOnlyForDeploymentPostprocessing = 0;
		};
/* End PBXFrameworksBuildPhase section */

/* Begin PBXGroup section */
		5EFD4A451FE02EFD00C294B4 = {
			isa = PBXGroup;
			children = (
				5EFD4A9E1FE1058A00C294B4 /* Charts.xcodeproj */,
				5EFD4A501FE02EFD00C294B4 /* BTCIndex */,
				5EFD4A651FE02EFD00C294B4 /* BTCIndexTests */,
				5EFD4A4F1FE02EFD00C294B4 /* Products */,
				5EFD4A711FE0306E00C294B4 /* Frameworks */,
			);
			sourceTree = "<group>";
		};
		5EFD4A4F1FE02EFD00C294B4 /* Products */ = {
			isa = PBXGroup;
			children = (
				5EFD4A4E1FE02EFD00C294B4 /* BTCIndex.app */,
				5EFD4A621FE02EFD00C294B4 /* BTCIndexTests.xctest */,
			);
			name = Products;
			sourceTree = "<group>";
		};
		5EFD4A501FE02EFD00C294B4 /* BTCIndex */ = {
			isa = PBXGroup;
			children = (
				5EFD4AAE1FE16C3000C294B4 /* Fonts */,
				5EFD4AA71FE1109200C294B4 /* Router */,
				5EFD4A961FE0F5E700C294B4 /* Views */,
				5EFD4A7B1FE035BC00C294B4 /* Controllers */,
				5EFD4A781FE035BC00C294B4 /* Helper */,
				5EFD4A7A1FE035BC00C294B4 /* Model */,
				5EFD4A791FE035BC00C294B4 /* Network */,
				5EFD4A7C1FE035BC00C294B4 /* View Model */,
				5EFD4A511FE02EFD00C294B4 /* AppDelegate.swift */,
				5EFD4A551FE02EFD00C294B4 /* Main.storyboard */,
				5EFD4A581FE02EFD00C294B4 /* Assets.xcassets */,
				5EFD4A5A1FE02EFD00C294B4 /* LaunchScreen.storyboard */,
				5EFD4A5D1FE02EFD00C294B4 /* Info.plist */,
			);
			path = BTCIndex;
			sourceTree = "<group>";
		};
		5EFD4A651FE02EFD00C294B4 /* BTCIndexTests */ = {
			isa = PBXGroup;
			children = (
				5EFD4A681FE02EFD00C294B4 /* Info.plist */,
				5EFD4AAA1FE144F700C294B4 /* LineChartTests.swift */,
				5EFD4A831FE04E2100C294B4 /* NetworkManagerTests.swift */,
				5EFD4AAC1FE166AC00C294B4 /* DashboardTests.swift */,
			);
			path = BTCIndexTests;
			sourceTree = "<group>";
		};
		5EFD4A711FE0306E00C294B4 /* Frameworks */ = {
			isa = PBXGroup;
			children = (
				5EFD4A9A1FE104B800C294B4 /* Charts.framework */,
				5EFD4A741FE030A300C294B4 /* BTCIndex.xcodeproj */,
				5EFD4A721FE0306E00C294B4 /* CryptoSwift.framework */,
			);
			name = Frameworks;
			sourceTree = "<group>";
		};
		5EFD4A751FE030A300C294B4 /* Products */ = {
			isa = PBXGroup;
			name = Products;
			sourceTree = "<group>";
		};
		5EFD4A781FE035BC00C294B4 /* Helper */ = {
			isa = PBXGroup;
			children = (
				5EFD4ABD1FE18F4800C294B4 /* Helper.swift */,
			);
			path = Helper;
			sourceTree = "<group>";
		};
		5EFD4A791FE035BC00C294B4 /* Network */ = {
			isa = PBXGroup;
			children = (
				5EFD4A7F1FE037B000C294B4 /* NetworkManager.swift */,
				5EFD4AB91FE1708100C294B4 /* Authentication.swift */,
			);
			path = Network;
			sourceTree = "<group>";
		};
		5EFD4A7A1FE035BC00C294B4 /* Model */ = {
			isa = PBXGroup;
			children = (
				5EFD4A811FE0498100C294B4 /* PriceIndex.swift */,
			);
			path = Model;
			sourceTree = "<group>";
		};
		5EFD4A7B1FE035BC00C294B4 /* Controllers */ = {
			isa = PBXGroup;
			children = (
				5EFD4A7D1FE035F700C294B4 /* DashboardViewController.swift */,
			);
			path = Controllers;
			sourceTree = "<group>";
		};
		5EFD4A7C1FE035BC00C294B4 /* View Model */ = {
			isa = PBXGroup;
			children = (
			);
			path = "View Model";
			sourceTree = "<group>";
		};
		5EFD4A961FE0F5E700C294B4 /* Views */ = {
			isa = PBXGroup;
			children = (
				5EFD4A971FE0F5F300C294B4 /* Chart View */,
			);
			path = Views;
			sourceTree = "<group>";
		};
		5EFD4A971FE0F5F300C294B4 /* Chart View */ = {
			isa = PBXGroup;
			children = (
				5EFD4ABB1FE18A8B00C294B4 /* BalloonMarker.swift */,
				5EFD4A981FE0F60400C294B4 /* ChartView.swift */,
			);
			path = "Chart View";
			sourceTree = "<group>";
		};
		5EFD4A9F1FE1058A00C294B4 /* Products */ = {
			isa = PBXGroup;
			children = (
				5EFD4AA41FE1058B00C294B4 /* Charts.framework */,
				5EFD4AA61FE1058B00C294B4 /* ChartsTests.xctest */,
			);
			name = Products;
			sourceTree = "<group>";
		};
		5EFD4AA71FE1109200C294B4 /* Router */ = {
			isa = PBXGroup;
			children = (
				5EFD4AA81FE1109700C294B4 /* Router.swift */,
			);
			path = Router;
			sourceTree = "<group>";
		};
		5EFD4AAE1FE16C3000C294B4 /* Fonts */ = {
			isa = PBXGroup;
			children = (
				5EFD4AAF1FE16C3000C294B4 /* Quicksand-Bold.ttf */,
				5EFD4AB01FE16C3000C294B4 /* Futura.ttc */,
				5EFD4AB11FE16C3000C294B4 /* Quicksand-Medium.ttf */,
				5EFD4AB21FE16C3000C294B4 /* Quicksand-Regular.ttf */,
				5EFD4AB31FE16C3000C294B4 /* Quicksand-Light.ttf */,
			);
			path = Fonts;
			sourceTree = "<group>";
		};
/* End PBXGroup section */

/* Begin PBXNativeTarget section */
		5EFD4A4D1FE02EFD00C294B4 /* BTCIndex */ = {
			isa = PBXNativeTarget;
			buildConfigurationList = 5EFD4A6B1FE02EFD00C294B4 /* Build configuration list for PBXNativeTarget "BTCIndex" */;
			buildPhases = (
				5EFD4A4A1FE02EFD00C294B4 /* Sources */,
				5EFD4A4B1FE02EFD00C294B4 /* Frameworks */,
				5EFD4A4C1FE02EFD00C294B4 /* Resources */,
				5EFD4A771FE030C300C294B4 /* ShellScript */,
				5EFD4A941FE0F41800C294B4 /* Embed Frameworks */,
			);
			buildRules = (
			);
			dependencies = (
			);
			name = BTCIndex;
			productName = BTCIndex;
			productReference = 5EFD4A4E1FE02EFD00C294B4 /* BTCIndex.app */;
			productType = "com.apple.product-type.application";
		};
		5EFD4A611FE02EFD00C294B4 /* BTCIndexTests */ = {
			isa = PBXNativeTarget;
			buildConfigurationList = 5EFD4A6E1FE02EFD00C294B4 /* Build configuration list for PBXNativeTarget "BTCIndexTests" */;
			buildPhases = (
				5EFD4A5E1FE02EFD00C294B4 /* Sources */,
				5EFD4A5F1FE02EFD00C294B4 /* Frameworks */,
				5EFD4A601FE02EFD00C294B4 /* Resources */,
			);
			buildRules = (
			);
			dependencies = (
				5EFD4A641FE02EFD00C294B4 /* PBXTargetDependency */,
			);
			name = BTCIndexTests;
			productName = BTCIndexTests;
			productReference = 5EFD4A621FE02EFD00C294B4 /* BTCIndexTests.xctest */;
			productType = "com.apple.product-type.bundle.unit-test";
		};
/* End PBXNativeTarget section */

/* Begin PBXProject section */
		5EFD4A461FE02EFD00C294B4 /* Project object */ = {
			isa = PBXProject;
			attributes = {
				LastSwiftUpdateCheck = 0920;
				LastUpgradeCheck = 0920;
				ORGANIZATIONNAME = "Sreejith N";
				TargetAttributes = {
					5EFD4A4D1FE02EFD00C294B4 = {
						CreatedOnToolsVersion = 9.2;
						ProvisioningStyle = Automatic;
					};
					5EFD4A611FE02EFD00C294B4 = {
						CreatedOnToolsVersion = 9.2;
						ProvisioningStyle = Automatic;
						TestTargetID = 5EFD4A4D1FE02EFD00C294B4;
					};
				};
			};
			buildConfigurationList = 5EFD4A491FE02EFD00C294B4 /* Build configuration list for PBXProject "BTCIndex" */;
			compatibilityVersion = "Xcode 8.0";
			developmentRegion = en;
			hasScannedForEncodings = 0;
			knownRegions = (
				en,
				Base,
			);
			mainGroup = 5EFD4A451FE02EFD00C294B4;
			productRefGroup = 5EFD4A4F1FE02EFD00C294B4 /* Products */;
			projectDirPath = "";
			projectReferences = (
				{
					ProductGroup = 5EFD4A751FE030A300C294B4 /* Products */;
					ProjectRef = 5EFD4A741FE030A300C294B4 /* BTCIndex.xcodeproj */;
				},
				{
					ProductGroup = 5EFD4A9F1FE1058A00C294B4 /* Products */;
					ProjectRef = 5EFD4A9E1FE1058A00C294B4 /* Charts.xcodeproj */;
				},
			);
			projectRoot = "";
			targets = (
				5EFD4A4D1FE02EFD00C294B4 /* BTCIndex */,
				5EFD4A611FE02EFD00C294B4 /* BTCIndexTests */,
			);
		};
/* End PBXProject section */

/* Begin PBXReferenceProxy section */
		5EFD4AA41FE1058B00C294B4 /* Charts.framework */ = {
			isa = PBXReferenceProxy;
			fileType = wrapper.framework;
			path = Charts.framework;
			remoteRef = 5EFD4AA31FE1058B00C294B4 /* PBXContainerItemProxy */;
			sourceTree = BUILT_PRODUCTS_DIR;
		};
		5EFD4AA61FE1058B00C294B4 /* ChartsTests.xctest */ = {
			isa = PBXReferenceProxy;
			fileType = wrapper.cfbundle;
			path = ChartsTests.xctest;
			remoteRef = 5EFD4AA51FE1058B00C294B4 /* PBXContainerItemProxy */;
			sourceTree = BUILT_PRODUCTS_DIR;
		};
/* End PBXReferenceProxy section */

/* Begin PBXResourcesBuildPhase section */
		5EFD4A4C1FE02EFD00C294B4 /* Resources */ = {
			isa = PBXResourcesBuildPhase;
			buildActionMask = 2147483647;
			files = (
				5EFD4A5C1FE02EFD00C294B4 /* LaunchScreen.storyboard in Resources */,
				5EFD4A591FE02EFD00C294B4 /* Assets.xcassets in Resources */,
				5EFD4AB71FE16C3000C294B4 /* Quicksand-Regular.ttf in Resources */,
				5EFD4A571FE02EFD00C294B4 /* Main.storyboard in Resources */,
				5EFD4AB41FE16C3000C294B4 /* Quicksand-Bold.ttf in Resources */,
				5EFD4AB51FE16C3000C294B4 /* Futura.ttc in Resources */,
				5EFD4AB61FE16C3000C294B4 /* Quicksand-Medium.ttf in Resources */,
				5EFD4AB81FE16C3000C294B4 /* Quicksand-Light.ttf in Resources */,
			);
			runOnlyForDeploymentPostprocessing = 0;
		};
		5EFD4A601FE02EFD00C294B4 /* Resources */ = {
			isa = PBXResourcesBuildPhase;
			buildActionMask = 2147483647;
			files = (
			);
			runOnlyForDeploymentPostprocessing = 0;
		};
/* End PBXResourcesBuildPhase section */

/* Begin PBXShellScriptBuildPhase section */
		5EFD4A771FE030C300C294B4 /* ShellScript */ = {
			isa = PBXShellScriptBuildPhase;
			buildActionMask = 2147483647;
			files = (
			);
			inputPaths = (
				"$(SRCROOT)/Carthage/Build/iOS/CryptoSwift.framework",
				"$(SRCROOT)/Carthage/Build/iOS/Charts.framework",
			);
			outputPaths = (
				"$(BUILT_PRODUCTS_DIR)/$(FRAMEWORKS_FOLDER_PATH)/CryptoSwift.framework",
				"$(BUILT_PRODUCTS_DIR)/$(FRAMEWORKS_FOLDER_PATH)/Charts.framework",
			);
			runOnlyForDeploymentPostprocessing = 0;
			shellPath = /bin/sh;
			shellScript = "/usr/local/bin/carthage copy-frameworks\n";
		};
/* End PBXShellScriptBuildPhase section */

/* Begin PBXSourcesBuildPhase section */
		5EFD4A4A1FE02EFD00C294B4 /* Sources */ = {
			isa = PBXSourcesBuildPhase;
			buildActionMask = 2147483647;
			files = (
				5EFD4ABA1FE1708100C294B4 /* Authentication.swift in Sources */,
				5EFD4A801FE037B000C294B4 /* NetworkManager.swift in Sources */,
				5EFD4A521FE02EFD00C294B4 /* AppDelegate.swift in Sources */,
				5EFD4A821FE0498100C294B4 /* PriceIndex.swift in Sources */,
				5EFD4A991FE0F60400C294B4 /* ChartView.swift in Sources */,
				5EFD4ABE1FE18F4800C294B4 /* Helper.swift in Sources */,
				5EFD4AA91FE1109700C294B4 /* Router.swift in Sources */,
				5EFD4A7E1FE035F700C294B4 /* DashboardViewController.swift in Sources */,
				5EFD4ABC1FE18A8B00C294B4 /* BalloonMarker.swift in Sources */,
			);
			runOnlyForDeploymentPostprocessing = 0;
		};
		5EFD4A5E1FE02EFD00C294B4 /* Sources */ = {
			isa = PBXSourcesBuildPhase;
			buildActionMask = 2147483647;
			files = (
				5EFD4AAB1FE144F700C294B4 /* LineChartTests.swift in Sources */,
				5EFD4A851FE05B9900C294B4 /* NetworkManager.swift in Sources */,
				5EFD4AAD1FE166AC00C294B4 /* DashboardTests.swift in Sources */,
				5EFD4A841FE04E2100C294B4 /* NetworkManagerTests.swift in Sources */,
			);
			runOnlyForDeploymentPostprocessing = 0;
		};
/* End PBXSourcesBuildPhase section */

/* Begin PBXTargetDependency section */
		5EFD4A641FE02EFD00C294B4 /* PBXTargetDependency */ = {
			isa = PBXTargetDependency;
			target = 5EFD4A4D1FE02EFD00C294B4 /* BTCIndex */;
			targetProxy = 5EFD4A631FE02EFD00C294B4 /* PBXContainerItemProxy */;
		};
/* End PBXTargetDependency section */

/* Begin PBXVariantGroup section */
		5EFD4A551FE02EFD00C294B4 /* Main.storyboard */ = {
			isa = PBXVariantGroup;
			children = (
				5EFD4A561FE02EFD00C294B4 /* Base */,
			);
			name = Main.storyboard;
			sourceTree = "<group>";
		};
		5EFD4A5A1FE02EFD00C294B4 /* LaunchScreen.storyboard */ = {
			isa = PBXVariantGroup;
			children = (
				5EFD4A5B1FE02EFD00C294B4 /* Base */,
			);
			name = LaunchScreen.storyboard;
			sourceTree = "<group>";
		};
/* End PBXVariantGroup section */

/* Begin XCBuildConfiguration section */
		5EFD4A691FE02EFD00C294B4 /* Debug */ = {
			isa = XCBuildConfiguration;
			buildSettings = {
				ALWAYS_SEARCH_USER_PATHS = NO;
				CLANG_ANALYZER_NONNULL = YES;
				CLANG_ANALYZER_NUMBER_OBJECT_CONVERSION = YES_AGGRESSIVE;
				CLANG_CXX_LANGUAGE_STANDARD = "gnu++14";
				CLANG_CXX_LIBRARY = "libc++";
				CLANG_ENABLE_MODULES = YES;
				CLANG_ENABLE_OBJC_ARC = YES;
				CLANG_WARN_BLOCK_CAPTURE_AUTORELEASING = YES;
				CLANG_WARN_BOOL_CONVERSION = YES;
				CLANG_WARN_COMMA = YES;
				CLANG_WARN_CONSTANT_CONVERSION = YES;
				CLANG_WARN_DIRECT_OBJC_ISA_USAGE = YES_ERROR;
				CLANG_WARN_DOCUMENTATION_COMMENTS = YES;
				CLANG_WARN_EMPTY_BODY = YES;
				CLANG_WARN_ENUM_CONVERSION = YES;
				CLANG_WARN_INFINITE_RECURSION = YES;
				CLANG_WARN_INT_CONVERSION = YES;
				CLANG_WARN_NON_LITERAL_NULL_CONVERSION = YES;
				CLANG_WARN_OBJC_LITERAL_CONVERSION = YES;
				CLANG_WARN_OBJC_ROOT_CLASS = YES_ERROR;
				CLANG_WARN_RANGE_LOOP_ANALYSIS = YES;
				CLANG_WARN_STRICT_PROTOTYPES = YES;
				CLANG_WARN_SUSPICIOUS_MOVE = YES;
				CLANG_WARN_UNGUARDED_AVAILABILITY = YES_AGGRESSIVE;
				CLANG_WARN_UNREACHABLE_CODE = YES;
				CLANG_WARN__DUPLICATE_METHOD_MATCH = YES;
				CODE_SIGN_IDENTITY = "iPhone Developer";
				COPY_PHASE_STRIP = NO;
				DEBUG_INFORMATION_FORMAT = dwarf;
				DEFINES_MODULE = YES;
				ENABLE_STRICT_OBJC_MSGSEND = YES;
				ENABLE_TESTABILITY = YES;
				GCC_C_LANGUAGE_STANDARD = gnu11;
				GCC_DYNAMIC_NO_PIC = NO;
				GCC_NO_COMMON_BLOCKS = YES;
				GCC_OPTIMIZATION_LEVEL = 0;
				GCC_PREPROCESSOR_DEFINITIONS = (
					"DEBUG=1",
					"$(inherited)",
				);
				GCC_WARN_64_TO_32_BIT_CONVERSION = YES;
				GCC_WARN_ABOUT_RETURN_TYPE = YES_ERROR;
				GCC_WARN_UNDECLARED_SELECTOR = YES;
				GCC_WARN_UNINITIALIZED_AUTOS = YES_AGGRESSIVE;
				GCC_WARN_UNUSED_FUNCTION = YES;
				GCC_WARN_UNUSED_VARIABLE = YES;
				IPHONEOS_DEPLOYMENT_TARGET = 11.2;
				MTL_ENABLE_DEBUG_INFO = YES;
				ONLY_ACTIVE_ARCH = YES;
				SDKROOT = iphoneos;
				SWIFT_ACTIVE_COMPILATION_CONDITIONS = DEBUG;
				SWIFT_OPTIMIZATION_LEVEL = "-Onone";
			};
			name = Debug;
		};
		5EFD4A6A1FE02EFD00C294B4 /* Release */ = {
			isa = XCBuildConfiguration;
			buildSettings = {
				ALWAYS_SEARCH_USER_PATHS = NO;
				CLANG_ANALYZER_NONNULL = YES;
				CLANG_ANALYZER_NUMBER_OBJECT_CONVERSION = YES_AGGRESSIVE;
				CLANG_CXX_LANGUAGE_STANDARD = "gnu++14";
				CLANG_CXX_LIBRARY = "libc++";
				CLANG_ENABLE_MODULES = YES;
				CLANG_ENABLE_OBJC_ARC = YES;
				CLANG_WARN_BLOCK_CAPTURE_AUTORELEASING = YES;
				CLANG_WARN_BOOL_CONVERSION = YES;
				CLANG_WARN_COMMA = YES;
				CLANG_WARN_CONSTANT_CONVERSION = YES;
				CLANG_WARN_DIRECT_OBJC_ISA_USAGE = YES_ERROR;
				CLANG_WARN_DOCUMENTATION_COMMENTS = YES;
				CLANG_WARN_EMPTY_BODY = YES;
				CLANG_WARN_ENUM_CONVERSION = YES;
				CLANG_WARN_INFINITE_RECURSION = YES;
				CLANG_WARN_INT_CONVERSION = YES;
				CLANG_WARN_NON_LITERAL_NULL_CONVERSION = YES;
				CLANG_WARN_OBJC_LITERAL_CONVERSION = YES;
				CLANG_WARN_OBJC_ROOT_CLASS = YES_ERROR;
				CLANG_WARN_RANGE_LOOP_ANALYSIS = YES;
				CLANG_WARN_STRICT_PROTOTYPES = YES;
				CLANG_WARN_SUSPICIOUS_MOVE = YES;
				CLANG_WARN_UNGUARDED_AVAILABILITY = YES_AGGRESSIVE;
				CLANG_WARN_UNREACHABLE_CODE = YES;
				CLANG_WARN__DUPLICATE_METHOD_MATCH = YES;
				CODE_SIGN_IDENTITY = "iPhone Developer";
				COPY_PHASE_STRIP = NO;
				DEBUG_INFORMATION_FORMAT = "dwarf-with-dsym";
				DEFINES_MODULE = YES;
				ENABLE_NS_ASSERTIONS = NO;
				ENABLE_STRICT_OBJC_MSGSEND = YES;
				GCC_C_LANGUAGE_STANDARD = gnu11;
				GCC_NO_COMMON_BLOCKS = YES;
				GCC_WARN_64_TO_32_BIT_CONVERSION = YES;
				GCC_WARN_ABOUT_RETURN_TYPE = YES_ERROR;
				GCC_WARN_UNDECLARED_SELECTOR = YES;
				GCC_WARN_UNINITIALIZED_AUTOS = YES_AGGRESSIVE;
				GCC_WARN_UNUSED_FUNCTION = YES;
				GCC_WARN_UNUSED_VARIABLE = YES;
				IPHONEOS_DEPLOYMENT_TARGET = 11.2;
				MTL_ENABLE_DEBUG_INFO = NO;
				SDKROOT = iphoneos;
				SWIFT_OPTIMIZATION_LEVEL = "-Owholemodule";
				VALIDATE_PRODUCT = YES;
			};
			name = Release;
		};
		5EFD4A6C1FE02EFD00C294B4 /* Debug */ = {
			isa = XCBuildConfiguration;
			buildSettings = {
				ALWAYS_EMBED_SWIFT_STANDARD_LIBRARIES = YES;
				ASSETCATALOG_COMPILER_APPICON_NAME = AppIcon;
				CODE_SIGN_STYLE = Automatic;
				FRAMEWORK_SEARCH_PATHS = (
					"$(inherited)",
					"$(PROJECT_DIR)/Carthage/Build/iOS",
				);
				INFOPLIST_FILE = BTCIndex/Info.plist;
				LD_RUNPATH_SEARCH_PATHS = "$(inherited) @executable_path/Frameworks";
				PRODUCT_BUNDLE_IDENTIFIER = com.stocard.BTCIndex;
				PRODUCT_NAME = "$(TARGET_NAME)";
				SWIFT_VERSION = 4.0;
				TARGETED_DEVICE_FAMILY = "1,2";
			};
			name = Debug;
		};
		5EFD4A6D1FE02EFD00C294B4 /* Release */ = {
			isa = XCBuildConfiguration;
			buildSettings = {
				ALWAYS_EMBED_SWIFT_STANDARD_LIBRARIES = YES;
				ASSETCATALOG_COMPILER_APPICON_NAME = AppIcon;
				CODE_SIGN_STYLE = Automatic;
				FRAMEWORK_SEARCH_PATHS = (
					"$(inherited)",
					"$(PROJECT_DIR)/Carthage/Build/iOS",
				);
				INFOPLIST_FILE = BTCIndex/Info.plist;
				LD_RUNPATH_SEARCH_PATHS = "$(inherited) @executable_path/Frameworks";
				PRODUCT_BUNDLE_IDENTIFIER = com.stocard.BTCIndex;
				PRODUCT_NAME = "$(TARGET_NAME)";
				SWIFT_VERSION = 4.0;
				TARGETED_DEVICE_FAMILY = "1,2";
			};
			name = Release;
		};
		5EFD4A6F1FE02EFD00C294B4 /* Debug */ = {
			isa = XCBuildConfiguration;
			buildSettings = {
				ALWAYS_EMBED_SWIFT_STANDARD_LIBRARIES = YES;
				BUNDLE_LOADER = "$(TEST_HOST)";
				CODE_SIGN_STYLE = Automatic;
				FRAMEWORK_SEARCH_PATHS = (
					"$(inherited)",
					"$(PROJECT_DIR)/Carthage/Build/iOS",
				);
				INFOPLIST_FILE = BTCIndexTests/Info.plist;
				LD_RUNPATH_SEARCH_PATHS = "$(inherited) @executable_path/Frameworks @loader_path/Frameworks";
				PRODUCT_BUNDLE_IDENTIFIER = com.stocard.BTCIndexTests;
				PRODUCT_NAME = "$(TARGET_NAME)";
				SWIFT_VERSION = 4.0;
				TARGETED_DEVICE_FAMILY = "1,2";
				TEST_HOST = "$(BUILT_PRODUCTS_DIR)/BTCIndex.app/BTCIndex";
			};
			name = Debug;
		};
		5EFD4A701FE02EFD00C294B4 /* Release */ = {
			isa = XCBuildConfiguration;
			buildSettings = {
				ALWAYS_EMBED_SWIFT_STANDARD_LIBRARIES = YES;
				BUNDLE_LOADER = "$(TEST_HOST)";
				CODE_SIGN_STYLE = Automatic;
				FRAMEWORK_SEARCH_PATHS = (
					"$(inherited)",
					"$(PROJECT_DIR)/Carthage/Build/iOS",
				);
				INFOPLIST_FILE = BTCIndexTests/Info.plist;
				LD_RUNPATH_SEARCH_PATHS = "$(inherited) @executable_path/Frameworks @loader_path/Frameworks";
				PRODUCT_BUNDLE_IDENTIFIER = com.stocard.BTCIndexTests;
				PRODUCT_NAME = "$(TARGET_NAME)";
				SWIFT_VERSION = 4.0;
				TARGETED_DEVICE_FAMILY = "1,2";
				TEST_HOST = "$(BUILT_PRODUCTS_DIR)/BTCIndex.app/BTCIndex";
			};
			name = Release;
		};
/* End XCBuildConfiguration section */

/* Begin XCConfigurationList section */
		5EFD4A491FE02EFD00C294B4 /* Build configuration list for PBXProject "BTCIndex" */ = {
			isa = XCConfigurationList;
			buildConfigurations = (
				5EFD4A691FE02EFD00C294B4 /* Debug */,
				5EFD4A6A1FE02EFD00C294B4 /* Release */,
			);
			defaultConfigurationIsVisible = 0;
			defaultConfigurationName = Release;
		};
		5EFD4A6B1FE02EFD00C294B4 /* Build configuration list for PBXNativeTarget "BTCIndex" */ = {
			isa = XCConfigurationList;
			buildConfigurations = (
				5EFD4A6C1FE02EFD00C294B4 /* Debug */,
				5EFD4A6D1FE02EFD00C294B4 /* Release */,
			);
			defaultConfigurationIsVisible = 0;
			defaultConfigurationName = Release;
		};
		5EFD4A6E1FE02EFD00C294B4 /* Build configuration list for PBXNativeTarget "BTCIndexTests" */ = {
			isa = XCConfigurationList;
			buildConfigurations = (
				5EFD4A6F1FE02EFD00C294B4 /* Debug */,
				5EFD4A701FE02EFD00C294B4 /* Release */,
			);
			defaultConfigurationIsVisible = 0;
			defaultConfigurationName = Release;
		};
/* End XCConfigurationList section */
	};
	rootObject = 5EFD4A461FE02EFD00C294B4 /* Project object */;
}
